
Microsoft Visual Studio Solution File, Format Version 12.00
# Visual Studio Version 17
VisualStudioVersion = 17.14.36401.2
MinimumVisualStudioVersion = 10.0.40219.1
Project("{FAE04EC0-301F-11D3-BF4B-00C04F79EFBC}") = "WinForms_Calculator", "WinForms_Calculator\WinForms_Calculator.csproj", "{91A868BE-1929-4D48-B0D3-D350EA606608}"
EndProject
Project("{FAE04EC0-301F-11D3-BF4B-00C04F79EFBC}") = "WinForms_Calculator.Tests", "WinForms_Calculator.Tests\WinForms_Calculator.Tests.csproj", "{34261874-9D00-1E75-43A4-42E1C3F14C14}"
EndProject
Global
	GlobalSection(SolutionConfigurationPlatforms) = preSolution
		Debug|Any CPU = Debug|Any CPU
		Release|Any CPU = Release|Any CPU
	EndGlobalSection
	GlobalSection(ProjectConfigurationPlatforms) = postSolution
		{91A868BE-1929-4D48-B0D3-D350EA606608}.Debug|Any CPU.ActiveCfg = Debug|Any CPU
		{91A868BE-1929-4D48-B0D3-D350EA606608}.Debug|Any CPU.Build.0 = Debug|Any CPU
		{91A868BE-1929-4D48-B0D3-D350EA606608}.Release|Any CPU.ActiveCfg = Release|Any CPU
		{91A868BE-1929-4D48-B0D3-D350EA606608}.Release|Any CPU.Build.0 = Release|Any CPU
		{34261874-9D00-1E75-43A4-42E1C3F14C14}.Debug|Any CPU.ActiveCfg = Debug|Any CPU
		{34261874-9D00-1E75-43A4-42E1C3F14C14}.Debug|Any CPU.Build.0 = Debug|Any CPU
		{34261874-9D00-1E75-43A4-42E1C3F14C14}.Release|Any CPU.ActiveCfg = Release|Any CPU
		{34261874-9D00-1E75-43A4-42E1C3F14C14}.Release|Any CPU.Build.0 = Release|Any CPU
	EndGlobalSection
	GlobalSection(SolutionProperties) = preSolution
		HideSolutionNode = FALSE
	EndGlobalSection
	GlobalSection(ExtensibilityGlobals) = postSolution
		SolutionGuid = {E32F0018-B723-4CE8-BF7D-B1420073F588}
	EndGlobalSection
EndGlobal
